<Solution>
  <Folder Name="/Solution Items/">
    <File Path=".editorconfig" />
    <File Path=".gitignore" />
    <File Path="AgentLessOtelDataDog.slnLaunch" />
    <File Path="docker-compose.yml" />
    <File Path="global.json" />
  </Folder>
  <Folder Name="/src/">
    <Project Path="src/MyNuget.Azure/MyNuget.Azure.csproj" />
    <Project Path="src/MyNuget.Cache/MyNuget.Cache.csproj" />
    <Project Path="src/MyNuget.EfCore/MyNuget.EfCore.csproj" />
    <Project Path="src/MyNuget.Mongo/MyNuget.Mongo.csproj" />
    <Project Path="src/MyNuget.Telemetry.Datadog/MyNuget.Telemetry.Datadog.csproj" />
    <Project Path="src/MyNuget.Telemetry.Lgtm/MyNuget.Telemetry.Lgtm.csproj" />
    <Project Path="src/MyNuget.Telemetry/MyNuget.Telemetry.csproj" />
    <Project Path="src/MyNuget/MyNuget.csproj" />
  </Folder>
  <Project Path="src/MyFunctionApp/MyFunctionApp.csproj" />
  <Project Path="src/MyWebApp/MyWebApp.csproj" />
</Solution>